<?xml version="1.0" encoding="utf-8"?>
<Project ToolsVersion="4.0" xmlns="http://schemas.microsoft.com/developer/msbuild/2003">
  <ItemGroup>
    <ClCompile Include="wd_pch.cpp" />
    <ClCompile Include="core\wd_timer.cpp">
      <Filter>core</Filter>
    </ClCompile>
    <ClCompile Include="wd_dllmain.cpp">
      <Filter>win</Filter>
    </ClCompile>
  </ItemGroup>
  <ItemGroup>
    <Filter Include="debug">
      <UniqueIdentifier>{ac3f36cf-8c84-45bf-9eea-62d73313dfe6}</UniqueIdentifier>
    </Filter>
    <Filter Include="core">
      <UniqueIdentifier>{412d71dd-97c8-4a64-9c1a-399ff23e6c66}</UniqueIdentifier>
    </Filter>
    <Filter Include="core\win">
      <UniqueIdentifier>{17d21c94-9fab-4a04-89c5-12370ed2d155}</UniqueIdentifier>
    </Filter>
    <Filter Include="win">
      <UniqueIdentifier>{fcc60cf2-32ce-4cc4-aa80-6eef4e32a0e7}</UniqueIdentifier>
    </Filter>
  </ItemGroup>
  <ItemGroup>
    <ClInclude Include="wd.h" />
    <ClInclude Include="core\wd_timer.h">
      <Filter>core</Filter>
    </ClInclude>
    <ClInclude Include="core\wd_types.h">
      <Filter>core</Filter>
    </ClInclude>
    <ClInclude Include="win\wd_win.h">
      <Filter>win</Filter>
    </ClInclude>
    <ClInclude Include="core\wd_timer.hpp">
      <Filter>core</Filter>
    </ClInclude>
  </ItemGroup>
</Project>