<?xml version="1.0" encoding="utf-8"?>
<Project ToolsVersion="4.0" xmlns="http://schemas.microsoft.com/developer/msbuild/2003">
  <ItemGroup>
    <ClCompile Include="wd_pch.cpp" />
    <ClCompile Include="core\wd_engine.cpp">
      <Filter>core</Filter>
    </ClCompile>
    <ClCompile Include="gfx\wd_window.cpp">
      <Filter>gfx</Filter>
    </ClCompile>
    <ClCompile Include="platform\win\wd_engine_win.cpp">
      <Filter>platform\win</Filter>
    </ClCompile>
    <ClCompile Include="platform\win\wd_timer_win.cpp">
      <Filter>platform\win</Filter>
    </ClCompile>
    <ClCompile Include="platform\win\wd_win.cpp">
      <Filter>platform\win</Filter>
    </ClCompile>
    <ClCompile Include="platform\win\wd_window_win.cpp">
      <Filter>platform\win</Filter>
    </ClCompile>
    <ClCompile Include="gfx\wd_gfxmanager.cpp" />
    <ClCompile Include="platform\win\wd_gfxmanager_win.cpp" />
  </ItemGroup>
  <ItemGroup>
    <Filter Include="debug">
      <UniqueIdentifier>{ac3f36cf-8c84-45bf-9eea-62d73313dfe6}</UniqueIdentifier>
    </Filter>
    <Filter Include="core">
      <UniqueIdentifier>{412d71dd-97c8-4a64-9c1a-399ff23e6c66}</UniqueIdentifier>
    </Filter>
    <Filter Include="io">
      <UniqueIdentifier>{ead5b5fb-cdac-4a4f-9239-fa5be0d3801c}</UniqueIdentifier>
    </Filter>
    <Filter Include="gfx">
      <UniqueIdentifier>{0a1222fd-06c3-449e-b2d3-9dd37433d046}</UniqueIdentifier>
    </Filter>
    <Filter Include="math">
      <UniqueIdentifier>{b856ce8b-53d2-4473-ba06-3a9fdd5ec873}</UniqueIdentifier>
    </Filter>
    <Filter Include="platform">
      <UniqueIdentifier>{cb3bf7d3-db0f-45dc-aa46-74f06f1d6b20}</UniqueIdentifier>
    </Filter>
    <Filter Include="platform\win">
      <UniqueIdentifier>{fcc60cf2-32ce-4cc4-aa80-6eef4e32a0e7}</UniqueIdentifier>
    </Filter>
  </ItemGroup>
  <ItemGroup>
    <ClInclude Include="wd.h" />
    <ClInclude Include="core\wd_timer.h">
      <Filter>core</Filter>
    </ClInclude>
    <ClInclude Include="core\wd_types.h">
      <Filter>core</Filter>
    </ClInclude>
    <ClInclude Include="core\wd_timer.hpp">
      <Filter>core</Filter>
    </ClInclude>
    <ClInclude Include="core\wd_engine.h">
      <Filter>core</Filter>
    </ClInclude>
    <ClInclude Include="core\wd_noncopyable.h">
      <Filter>core</Filter>
    </ClInclude>
    <ClInclude Include="gfx\wd_window.h">
      <Filter>gfx</Filter>
    </ClInclude>
    <ClInclude Include="math\wd_rect.h">
      <Filter>math</Filter>
    </ClInclude>
    <ClInclude Include="math\wd_point2.h">
      <Filter>math</Filter>
    </ClInclude>
    <ClInclude Include="math\wd_point2.hpp">
      <Filter>math</Filter>
    </ClInclude>
    <ClInclude Include="math\wd_rect.hpp">
      <Filter>math</Filter>
    </ClInclude>
    <ClInclude Include="gfx\wd_window.hpp">
      <Filter>gfx</Filter>
    </ClInclude>
    <ClInclude Include="math\wd_vec2.h">
      <Filter>math</Filter>
    </ClInclude>
    <ClInclude Include="core\wd_event.h" />
    <ClInclude Include="core\wd_event.hpp" />
    <ClInclude Include="platform\win\wd_engine_win.h" />
    <ClInclude Include="platform\win\wd_timer_win.hpp">
      <Filter>platform\win</Filter>
    </ClInclude>
    <ClInclude Include="platform\win\wd_win.h">
      <Filter>platform\win</Filter>
    </ClInclude>
    <ClInclude Include="platform\win\wd_window_win.h">
      <Filter>platform\win</Filter>
    </ClInclude>
    <ClInclude Include="gfx\wd_gfxmanager.h" />
    <ClInclude Include="platform\win\wd_gfxmanager_win.h" />
  </ItemGroup>
</Project>