<?xml version="1.0" encoding="utf-8"?>
<Project ToolsVersion="4.0" xmlns="http://schemas.microsoft.com/developer/msbuild/2003">
  <ItemGroup>
    <ClCompile Include="wd_pch.cpp" />
    <ClCompile Include="core\wd_engine.cpp">
      <Filter>core</Filter>
    </ClCompile>
    <ClCompile Include="gfx\wd_window.cpp">
      <Filter>gfx</Filter>
    </ClCompile>
    <ClCompile Include="platform\win\wd_engine_win.cpp">
      <Filter>platform\win</Filter>
    </ClCompile>
    <ClCompile Include="platform\win\wd_timer_win.cpp">
      <Filter>platform\win</Filter>
    </ClCompile>
    <ClCompile Include="platform\win\wd_win.cpp">
      <Filter>platform\win</Filter>
    </ClCompile>
    <ClCompile Include="gfx\wd_gfx_manager.cpp">
      <Filter>gfx</Filter>
    </ClCompile>
    <ClCompile Include="platform\win\gfx\wd_gfx_manager_win.cpp">
      <Filter>platform\win\gfx</Filter>
    </ClCompile>
    <ClCompile Include="platform\win\gfx\wd_window_win.cpp">
      <Filter>platform\win\gfx</Filter>
    </ClCompile>
    <ClCompile Include="platform\shared\vulkan\wd_gfx_physical_device_vk.cpp">
      <Filter>platform\shared\vulkan</Filter>
    </ClCompile>
  </ItemGroup>
  <ItemGroup>
    <Filter Include="debug">
      <UniqueIdentifier>{ac3f36cf-8c84-45bf-9eea-62d73313dfe6}</UniqueIdentifier>
    </Filter>
    <Filter Include="core">
      <UniqueIdentifier>{412d71dd-97c8-4a64-9c1a-399ff23e6c66}</UniqueIdentifier>
    </Filter>
    <Filter Include="io">
      <UniqueIdentifier>{ead5b5fb-cdac-4a4f-9239-fa5be0d3801c}</UniqueIdentifier>
    </Filter>
    <Filter Include="gfx">
      <UniqueIdentifier>{0a1222fd-06c3-449e-b2d3-9dd37433d046}</UniqueIdentifier>
    </Filter>
    <Filter Include="math">
      <UniqueIdentifier>{b856ce8b-53d2-4473-ba06-3a9fdd5ec873}</UniqueIdentifier>
    </Filter>
    <Filter Include="platform">
      <UniqueIdentifier>{cb3bf7d3-db0f-45dc-aa46-74f06f1d6b20}</UniqueIdentifier>
    </Filter>
    <Filter Include="platform\win">
      <UniqueIdentifier>{fcc60cf2-32ce-4cc4-aa80-6eef4e32a0e7}</UniqueIdentifier>
    </Filter>
    <Filter Include="platform\win\gfx">
      <UniqueIdentifier>{a6869da0-5613-486a-ba7d-d42636b2f38c}</UniqueIdentifier>
    </Filter>
    <Filter Include="platform\shared">
      <UniqueIdentifier>{5132c541-0dd8-4783-b21a-8f9f336210be}</UniqueIdentifier>
    </Filter>
    <Filter Include="platform\shared\vulkan">
      <UniqueIdentifier>{7a5f291b-0234-4b28-bd37-ac3f642190a8}</UniqueIdentifier>
    </Filter>
  </ItemGroup>
  <ItemGroup>
    <ClInclude Include="core\wd_engine.h">
      <Filter>core</Filter>
    </ClInclude>
    <ClInclude Include="core\wd_event.h">
      <Filter>core</Filter>
    </ClInclude>
    <ClInclude Include="core\wd_noncopyable.h">
      <Filter>core</Filter>
    </ClInclude>
    <ClInclude Include="core\wd_timer.h">
      <Filter>core</Filter>
    </ClInclude>
    <ClInclude Include="core\wd_types.h">
      <Filter>core</Filter>
    </ClInclude>
    <ClInclude Include="gfx\wd_gfx_manager.h">
      <Filter>gfx</Filter>
    </ClInclude>
    <ClInclude Include="gfx\wd_window.h">
      <Filter>gfx</Filter>
    </ClInclude>
    <ClInclude Include="math\wd_math.h">
      <Filter>math</Filter>
    </ClInclude>
    <ClInclude Include="math\wd_point2.h">
      <Filter>math</Filter>
    </ClInclude>
    <ClInclude Include="math\wd_rect.h">
      <Filter>math</Filter>
    </ClInclude>
    <ClInclude Include="math\wd_vec2.h">
      <Filter>math</Filter>
    </ClInclude>
    <ClInclude Include="math\wd_vec3.h">
      <Filter>math</Filter>
    </ClInclude>
    <ClInclude Include="platform\shared\vulkan\wd_gfx_physical_device_vk.h">
      <Filter>platform\shared\vulkan</Filter>
    </ClInclude>
    <ClInclude Include="platform\win\gfx\wd_gfx_manager_win.h">
      <Filter>platform\win\gfx</Filter>
    </ClInclude>
    <ClInclude Include="platform\win\gfx\wd_window_win.h">
      <Filter>platform\win\gfx</Filter>
    </ClInclude>
    <ClInclude Include="platform\win\wd_engine_win.h">
      <Filter>platform\win</Filter>
    </ClInclude>
    <ClInclude Include="platform\win\wd_timer_win.h">
      <Filter>platform\win</Filter>
    </ClInclude>
    <ClInclude Include="platform\win\wd_win.h">
      <Filter>platform\win</Filter>
    </ClInclude>
    <ClInclude Include="platform\win\wd_win_imp.h">
      <Filter>platform\win</Filter>
    </ClInclude>
    <ClInclude Include="wd.h" />
  </ItemGroup>
</Project>